
Microsoft Visual Studio Solution File, Format Version 12.00
# Visual Studio Version 17
VisualStudioVersion = 17.5.002.0
MinimumVisualStudioVersion = 10.0.40219.1
Project("{9A19103F-16F7-4668-BE54-9A1E7A4F7556}") = "ChatApp", "ChatApp.csproj", "{6FCC17E7-62BD-4971-ABBE-9D04CA939E16}"
EndProject
Global
	GlobalSection(SolutionConfigurationPlatforms) = preSolution
		Debug|Any CPU = Debug|Any CPU
		Release|Any CPU = Release|Any CPU
	EndGlobalSection
	GlobalSection(ProjectConfigurationPlatforms) = postSolution
		{6FCC17E7-62BD-4971-ABBE-9D04CA939E16}.Debug|Any CPU.ActiveCfg = Debug|Any CPU
		{6FCC17E7-62BD-4971-ABBE-9D04CA939E16}.Debug|Any CPU.Build.0 = Debug|Any CPU
		{6FCC17E7-62BD-4971-ABBE-9D04CA939E16}.Release|Any CPU.ActiveCfg = Release|Any CPU
		{6FCC17E7-62BD-4971-ABBE-9D04CA939E16}.Release|Any CPU.Build.0 = Release|Any CPU
	EndGlobalSection
	GlobalSection(SolutionProperties) = preSolution
		HideSolutionNode = FALSE
	EndGlobalSection
	GlobalSection(ExtensibilityGlobals) = postSolution
		SolutionGuid = {E001E31A-7EE7-4FAA-8874-04435E507F21}
	EndGlobalSection
EndGlobal
